// !$*UTF8*$!
{
	archiveVersion = 1;
	classes = {
	};
	objectVersion = 56;
	objects = {

/* Begin PBXBuildFile section */
		0D71BA3DD53AEEB02BC8D8D5 /* Pods_GoogleSignInDemo.framework in Frameworks */ = {isa = PBXBuildFile; fileRef = C96D822873AEBEAD1323C722 /* Pods_GoogleSignInDemo.framework */; };
		6D265B3E2FDB0B8A008FB219 /* AuthRepository.swift in Sources */ = {isa = PBXBuildFile; fileRef = 6D265B222FDB0B8A008FB219 /* AuthRepository.swift */; };
		6D265B3F2FDB0B8A008FB219 /* Session.swift in Sources */ = {isa = PBXBuildFile; fileRef = 6D265B252FDB0B8A008FB219 /* Session.swift */; };
		6D265B402FDB0B8A008FB219 /* AppCoordinator.swift in Sources */ = {isa = PBXBuildFile; fileRef = 6D265B2E2FDB0B8A008FB219 /* AppCoordinator.swift */; };
		6D265B412FDB0B8A008FB219 /* AuthMapper.swift in Sources */ = {isa = PBXBuildFile; fileRef = 6D265B202FDB0B8A008FB219 /* AuthMapper.swift */; };
		6D265B422FDB0B8A008FB219 /* LoginViewController.swift in Sources */ = {isa = PBXBuildFile; fileRef = 6D265B382FDB0B8A008FB219 /* LoginViewController.swift */; };
		6D265B432FDB0B8A008FB219 /* PaddedLabel.swift in Sources */ = {isa = PBXBuildFile; fileRef = 6D265B362FDB0B8A008FB219 /* PaddedLabel.swift */; };
		6D265B442FDB0B8A008FB219 /* AuthRepositoryProtocol.swift in Sources */ = {isa = PBXBuildFile; fileRef = 6D265B272FDB0B8A008FB219 /* AuthRepositoryProtocol.swift */; };
		6D265B452FDB0B8A008FB219 /* AppError.swift in Sources */ = {isa = PBXBuildFile; fileRef = 6D265B302FDB0B8A008FB219 /* AppError.swift */; };
		6D265B462FDB0B8A008FB219 /* AuthViewModel.swift in Sources */ = {isa = PBXBuildFile; fileRef = 6D265B3B2FDB0B8A008FB219 /* AuthViewModel.swift */; };
		6D265B472FDB0B8A008FB219 /* AuthDTO.swift in Sources */ = {isa = PBXBuildFile; fileRef = 6D265B1E2FDB0B8A008FB219 /* AuthDTO.swift */; };
		6D265B482FDB0B8A008FB219 /* AppDI.swift in Sources */ = {isa = PBXBuildFile; fileRef = 6D265B2F2FDB0B8A008FB219 /* AppDI.swift */; };
		6D265BAB2FDB0B8A008FB219 /* AppConfig.swift in Sources */ = {isa = PBXBuildFile; fileRef = 6D265BAA2FDB0B8A008FB219 /* AppConfig.swift */; };
		6D265B492FDB0B8A008FB219 /* LoginUseCase.swift in Sources */ = {isa = PBXBuildFile; fileRef = 6D265B292FDB0B8A008FB219 /* LoginUseCase.swift */; };
		6D265B4A2FDB0B8A008FB219 /* APIClient.swift in Sources */ = {isa = PBXBuildFile; fileRef = 6D265B322FDB0B8A008FB219 /* APIClient.swift */; };
		6D265B4B2FDB0B8A008FB219 /* UIColor+Hex.swift in Sources */ = {isa = PBXBuildFile; fileRef = 6D265B2C2FDB0B8A008FB219 /* UIColor+Hex.swift */; };
		6D265B4C2FDB0B8A008FB219 /* Endpoint.swift in Sources */ = {isa = PBXBuildFile; fileRef = 6D265B332FDB0B8A008FB219 /* Endpoint.swift */; };
		6D265B652FDB5726008FB219 /* WebRTCVideoView.m in Sources */ = {isa = PBXBuildFile; fileRef = 6D265B632FDB5726008FB219 /* WebRTCVideoView.m */; };
		6D265B662FDB5726008FB219 /* ARDCaptureController.m in Sources */ = {isa = PBXBuildFile; fileRef = 6D265B5F2FDB5726008FB219 /* ARDCaptureController.m */; };
		6D265B672FDB5726008FB219 /* RoomClient.m in Sources */ = {isa = PBXBuildFile; fileRef = 6D265B612FDB5726008FB219 /* RoomClient.m */; };
		6D265B6B2FDB574B008FB219 /* protooclient.xcframework in Frameworks */ = {isa = PBXBuildFile; fileRef = 6D265B682FDB574B008FB219 /* protooclient.xcframework */; };
		6D265B6C2FDB575A008FB219 /* WebRTC.xcframework in Frameworks */ = {isa = PBXBuildFile; fileRef = 6D265B692FDB574B008FB219 /* WebRTC.xcframework */; };
		6D265B6D2FDB575A008FB219 /* WebRTC.xcframework in Embed Frameworks */ = {isa = PBXBuildFile; fileRef = 6D265B692FDB574B008FB219 /* WebRTC.xcframework */; settings = {ATTRIBUTES = (CodeSignOnCopy, RemoveHeadersOnCopy, ); }; };
		AA123456000000000000000F /* AppDelegate.swift in Sources */ = {isa = PBXBuildFile; fileRef = AA123456000000000000000E /* AppDelegate.swift */; };
		AA12345600000000000000AF /* SceneDelegate.swift in Sources */ = {isa = PBXBuildFile; fileRef = AA12345600000000000000AE /* SceneDelegate.swift */; };
		AA1234560000000000000016 /* Assets.xcassets in Resources */ = {isa = PBXBuildFile; fileRef = AA1234560000000000000015 /* Assets.xcassets */; };
		AA265BB12FDB0B8A008FB219 /* Channel.swift in Sources */ = {isa = PBXBuildFile; fileRef = AA265BA12FDB0B8A008FB219 /* Channel.swift */; };
		AA265BB22FDB0B8A008FB219 /* ChannelRepositoryProtocol.swift in Sources */ = {isa = PBXBuildFile; fileRef = AA265BA22FDB0B8A008FB219 /* ChannelRepositoryProtocol.swift */; };
		AA265BB32FDB0B8A008FB219 /* FetchFollowedChannelsUseCase.swift in Sources */ = {isa = PBXBuildFile; fileRef = AA265BA32FDB0B8A008FB219 /* FetchFollowedChannelsUseCase.swift */; };
		AA265BB42FDB0B8A008FB219 /* ChannelDTO.swift in Sources */ = {isa = PBXBuildFile; fileRef = AA265BA42FDB0B8A008FB219 /* ChannelDTO.swift */; };
		AA265BB52FDB0B8A008FB219 /* ChannelMapper.swift in Sources */ = {isa = PBXBuildFile; fileRef = AA265BA52FDB0B8A008FB219 /* ChannelMapper.swift */; };
		AA265BB62FDB0B8A008FB219 /* ChannelRepository.swift in Sources */ = {isa = PBXBuildFile; fileRef = AA265BA62FDB0B8A008FB219 /* ChannelRepository.swift */; };
		AA265BB72FDB0B8A008FB219 /* HomeViewModel.swift in Sources */ = {isa = PBXBuildFile; fileRef = AA265BA72FDB0B8A008FB219 /* HomeViewModel.swift */; };
		AA265BB82FDB0B8A008FB219 /* HomeViewController.swift in Sources */ = {isa = PBXBuildFile; fileRef = AA265BA82FDB0B8A008FB219 /* HomeViewController.swift */; };
		AA265BB92FDB0B8A008FB219 /* ChannelCell.swift in Sources */ = {isa = PBXBuildFile; fileRef = AA265BA92FDB0B8A008FB219 /* ChannelCell.swift */; };
		BB265BB12FDB0B8A008FB219 /* SearchUser.swift in Sources */ = {isa = PBXBuildFile; fileRef = BB265BA12FDB0B8A008FB219 /* SearchUser.swift */; };
		BB265BB22FDB0B8A008FB219 /* UserRepositoryProtocol.swift in Sources */ = {isa = PBXBuildFile; fileRef = BB265BA22FDB0B8A008FB219 /* UserRepositoryProtocol.swift */; };
		BB265BB32FDB0B8A008FB219 /* UserSearchDTO.swift in Sources */ = {isa = PBXBuildFile; fileRef = BB265BA32FDB0B8A008FB219 /* UserSearchDTO.swift */; };
		BB265BB42FDB0B8A008FB219 /* UserRepository.swift in Sources */ = {isa = PBXBuildFile; fileRef = BB265BA42FDB0B8A008FB219 /* UserRepository.swift */; };
		BB265BB52FDB0B8A008FB219 /* ProfileViewModel.swift in Sources */ = {isa = PBXBuildFile; fileRef = BB265BA52FDB0B8A008FB219 /* ProfileViewModel.swift */; };
		BB265BB62FDB0B8A008FB219 /* SearchViewModel.swift in Sources */ = {isa = PBXBuildFile; fileRef = BB265BA62FDB0B8A008FB219 /* SearchViewModel.swift */; };
		BB265BB72FDB0B8A008FB219 /* ProfileViewController.swift in Sources */ = {isa = PBXBuildFile; fileRef = BB265BA72FDB0B8A008FB219 /* ProfileViewController.swift */; };
		BB265BCD2FDB0B8A008FB219 /* EditChannelNameViewController.swift in Sources */ = {isa = PBXBuildFile; fileRef = BB265BCC2FDB0B8A008FB219 /* EditChannelNameViewController.swift */; };
		BB265BB82FDB0B8A008FB219 /* SearchResultCell.swift in Sources */ = {isa = PBXBuildFile; fileRef = BB265BA82FDB0B8A008FB219 /* SearchResultCell.swift */; };
		BB265BB92FDB0B8A008FB219 /* SearchViewController.swift in Sources */ = {isa = PBXBuildFile; fileRef = BB265BA92FDB0B8A008FB219 /* SearchViewController.swift */; };
		CC265BB12FDB0B8A008FB219 /* RoomMember.swift in Sources */ = {isa = PBXBuildFile; fileRef = CC265BA12FDB0B8A008FB219 /* RoomMember.swift */; };
		CC265BB22FDB0B8A008FB219 /* VoiceRoomViewModel.swift in Sources */ = {isa = PBXBuildFile; fileRef = CC265BA22FDB0B8A008FB219 /* VoiceRoomViewModel.swift */; };
		CC265BB32FDB0B8A008FB219 /* MemberCell.swift in Sources */ = {isa = PBXBuildFile; fileRef = CC265BA32FDB0B8A008FB219 /* MemberCell.swift */; };
		CC265BB42FDB0B8A008FB219 /* VoiceRoomViewController.swift in Sources */ = {isa = PBXBuildFile; fileRef = CC265BA42FDB0B8A008FB219 /* VoiceRoomViewController.swift */; };
/* End PBXBuildFile section */

/* Begin PBXCopyFilesBuildPhase section */
		6D265B6E2FDB575A008FB219 /* Embed Frameworks */ = {
			isa = PBXCopyFilesBuildPhase;
			buildActionMask = 2147483647;
			dstPath = "";
			dstSubfolderSpec = 10;
			files = (
				6D265B6D2FDB575A008FB219 /* WebRTC.xcframework in Embed Frameworks */,
			);
			name = "Embed Frameworks";
			runOnlyForDeploymentPostprocessing = 0;
		};
/* End PBXCopyFilesBuildPhase section */

/* Begin PBXFileReference section */
		4B3EF4A431FE29EEC6581EED /* Pods-GoogleSignInDemo.release.xcconfig */ = {isa = PBXFileReference; includeInIndex = 1; lastKnownFileType = text.xcconfig; name = "Pods-GoogleSignInDemo.release.xcconfig"; path = "Target Support Files/Pods-GoogleSignInDemo/Pods-GoogleSignInDemo.release.xcconfig"; sourceTree = "<group>"; };
		6D265B1E2FDB0B8A008FB219 /* AuthDTO.swift */ = {isa = PBXFileReference; lastKnownFileType = sourcecode.swift; path = AuthDTO.swift; sourceTree = "<group>"; };
		6D265B202FDB0B8A008FB219 /* AuthMapper.swift */ = {isa = PBXFileReference; lastKnownFileType = sourcecode.swift; path = AuthMapper.swift; sourceTree = "<group>"; };
		6D265B222FDB0B8A008FB219 /* AuthRepository.swift */ = {isa = PBXFileReference; lastKnownFileType = sourcecode.swift; path = AuthRepository.swift; sourceTree = "<group>"; };
		6D265B252FDB0B8A008FB219 /* Session.swift */ = {isa = PBXFileReference; lastKnownFileType = sourcecode.swift; path = Session.swift; sourceTree = "<group>"; };
		6D265B272FDB0B8A008FB219 /* AuthRepositoryProtocol.swift */ = {isa = PBXFileReference; lastKnownFileType = sourcecode.swift; path = AuthRepositoryProtocol.swift; sourceTree = "<group>"; };
		6D265B292FDB0B8A008FB219 /* LoginUseCase.swift */ = {isa = PBXFileReference; lastKnownFileType = sourcecode.swift; path = LoginUseCase.swift; sourceTree = "<group>"; };
		6D265B2C2FDB0B8A008FB219 /* UIColor+Hex.swift */ = {isa = PBXFileReference; lastKnownFileType = sourcecode.swift; path = "UIColor+Hex.swift"; sourceTree = "<group>"; };
		6D265B2E2FDB0B8A008FB219 /* AppCoordinator.swift */ = {isa = PBXFileReference; lastKnownFileType = sourcecode.swift; path = AppCoordinator.swift; sourceTree = "<group>"; };
		6D265B2F2FDB0B8A008FB219 /* AppDI.swift */ = {isa = PBXFileReference; lastKnownFileType = sourcecode.swift; path = AppDI.swift; sourceTree = "<group>"; };
		6D265B302FDB0B8A008FB219 /* AppError.swift */ = {isa = PBXFileReference; lastKnownFileType = sourcecode.swift; path = AppError.swift; sourceTree = "<group>"; };
		6D265BAA2FDB0B8A008FB219 /* AppConfig.swift */ = {isa = PBXFileReference; lastKnownFileType = sourcecode.swift; path = AppConfig.swift; sourceTree = "<group>"; };
		6D265B322FDB0B8A008FB219 /* APIClient.swift */ = {isa = PBXFileReference; lastKnownFileType = sourcecode.swift; path = APIClient.swift; sourceTree = "<group>"; };
		6D265B332FDB0B8A008FB219 /* Endpoint.swift */ = {isa = PBXFileReference; lastKnownFileType = sourcecode.swift; path = Endpoint.swift; sourceTree = "<group>"; };
		6D265B362FDB0B8A008FB219 /* PaddedLabel.swift */ = {isa = PBXFileReference; lastKnownFileType = sourcecode.swift; path = PaddedLabel.swift; sourceTree = "<group>"; };
		6D265B382FDB0B8A008FB219 /* LoginViewController.swift */ = {isa = PBXFileReference; lastKnownFileType = sourcecode.swift; path = LoginViewController.swift; sourceTree = "<group>"; };
		6D265B3B2FDB0B8A008FB219 /* AuthViewModel.swift */ = {isa = PBXFileReference; lastKnownFileType = sourcecode.swift; path = AuthViewModel.swift; sourceTree = "<group>"; };
		6D265B5E2FDB5726008FB219 /* ARDCaptureController.h */ = {isa = PBXFileReference; lastKnownFileType = sourcecode.c.h; path = ARDCaptureController.h; sourceTree = "<group>"; };
		6D265B5F2FDB5726008FB219 /* ARDCaptureController.m */ = {isa = PBXFileReference; lastKnownFileType = sourcecode.c.objc; path = ARDCaptureController.m; sourceTree = "<group>"; };
		6D265B602FDB5726008FB219 /* RoomClient.h */ = {isa = PBXFileReference; lastKnownFileType = sourcecode.c.h; path = RoomClient.h; sourceTree = "<group>"; };
		6D265B612FDB5726008FB219 /* RoomClient.m */ = {isa = PBXFileReference; lastKnownFileType = sourcecode.c.objc; path = RoomClient.m; sourceTree = "<group>"; };
		6D265B622FDB5726008FB219 /* WebRTCVideoView.h */ = {isa = PBXFileReference; lastKnownFileType = sourcecode.c.h; path = WebRTCVideoView.h; sourceTree = "<group>"; };
		6D265B632FDB5726008FB219 /* WebRTCVideoView.m */ = {isa = PBXFileReference; lastKnownFileType = sourcecode.c.objc; path = WebRTCVideoView.m; sourceTree = "<group>"; };
		6D265B682FDB574B008FB219 /* protooclient.xcframework */ = {isa = PBXFileReference; lastKnownFileType = wrapper.xcframework; path = protooclient.xcframework; sourceTree = "<group>"; };
		6D265B692FDB574B008FB219 /* WebRTC.xcframework */ = {isa = PBXFileReference; lastKnownFileType = wrapper.xcframework; path = WebRTC.xcframework; sourceTree = "<group>"; };
		8AED80EBC7B984D264C86979 /* Pods-GoogleSignIn.release.xcconfig */ = {isa = PBXFileReference; includeInIndex = 1; lastKnownFileType = text.xcconfig; name = "Pods-GoogleSignIn.release.xcconfig"; path = "Target Support Files/Pods-GoogleSignIn/Pods-GoogleSignIn.release.xcconfig"; sourceTree = "<group>"; };
		A4BACAEAEDB0E68B4D908FA5 /* Pods-GoogleSignIn.debug.xcconfig */ = {isa = PBXFileReference; includeInIndex = 1; lastKnownFileType = text.xcconfig; name = "Pods-GoogleSignIn.debug.xcconfig"; path = "Target Support Files/Pods-GoogleSignIn/Pods-GoogleSignIn.debug.xcconfig"; sourceTree = "<group>"; };
		AA123456000000000000000E /* AppDelegate.swift */ = {isa = PBXFileReference; lastKnownFileType = sourcecode.swift; path = AppDelegate.swift; sourceTree = "<group>"; };
		AA12345600000000000000AE /* SceneDelegate.swift */ = {isa = PBXFileReference; lastKnownFileType = sourcecode.swift; path = SceneDelegate.swift; sourceTree = "<group>"; };
		AA1234560000000000000012 /* Info.plist */ = {isa = PBXFileReference; lastKnownFileType = text.plist.xml; path = Info.plist; sourceTree = "<group>"; };
		AA1234560000000000000013 /* GoogleSignInDemo.app */ = {isa = PBXFileReference; explicitFileType = wrapper.application; includeInIndex = 0; path = GoogleSignInDemo.app; sourceTree = BUILT_PRODUCTS_DIR; };
		AA1234560000000000000015 /* Assets.xcassets */ = {isa = PBXFileReference; lastKnownFileType = folder.assetcatalog; path = Assets.xcassets; sourceTree = "<group>"; };
		AA265BA12FDB0B8A008FB219 /* Channel.swift */ = {isa = PBXFileReference; lastKnownFileType = sourcecode.swift; path = Channel.swift; sourceTree = "<group>"; };
		AA265BA22FDB0B8A008FB219 /* ChannelRepositoryProtocol.swift */ = {isa = PBXFileReference; lastKnownFileType = sourcecode.swift; path = ChannelRepositoryProtocol.swift; sourceTree = "<group>"; };
		AA265BA32FDB0B8A008FB219 /* FetchFollowedChannelsUseCase.swift */ = {isa = PBXFileReference; lastKnownFileType = sourcecode.swift; path = FetchFollowedChannelsUseCase.swift; sourceTree = "<group>"; };
		AA265BA42FDB0B8A008FB219 /* ChannelDTO.swift */ = {isa = PBXFileReference; lastKnownFileType = sourcecode.swift; path = ChannelDTO.swift; sourceTree = "<group>"; };
		AA265BA52FDB0B8A008FB219 /* ChannelMapper.swift */ = {isa = PBXFileReference; lastKnownFileType = sourcecode.swift; path = ChannelMapper.swift; sourceTree = "<group>"; };
		AA265BA62FDB0B8A008FB219 /* ChannelRepository.swift */ = {isa = PBXFileReference; lastKnownFileType = sourcecode.swift; path = ChannelRepository.swift; sourceTree = "<group>"; };
		AA265BA72FDB0B8A008FB219 /* HomeViewModel.swift */ = {isa = PBXFileReference; lastKnownFileType = sourcecode.swift; path = HomeViewModel.swift; sourceTree = "<group>"; };
		AA265BA82FDB0B8A008FB219 /* HomeViewController.swift */ = {isa = PBXFileReference; lastKnownFileType = sourcecode.swift; path = HomeViewController.swift; sourceTree = "<group>"; };
		AA265BA92FDB0B8A008FB219 /* ChannelCell.swift */ = {isa = PBXFileReference; lastKnownFileType = sourcecode.swift; path = ChannelCell.swift; sourceTree = "<group>"; };
		BB265BA12FDB0B8A008FB219 /* SearchUser.swift */ = {isa = PBXFileReference; lastKnownFileType = sourcecode.swift; path = SearchUser.swift; sourceTree = "<group>"; };
		BB265BA22FDB0B8A008FB219 /* UserRepositoryProtocol.swift */ = {isa = PBXFileReference; lastKnownFileType = sourcecode.swift; path = UserRepositoryProtocol.swift; sourceTree = "<group>"; };
		BB265BA32FDB0B8A008FB219 /* UserSearchDTO.swift */ = {isa = PBXFileReference; lastKnownFileType = sourcecode.swift; path = UserSearchDTO.swift; sourceTree = "<group>"; };
		BB265BA42FDB0B8A008FB219 /* UserRepository.swift */ = {isa = PBXFileReference; lastKnownFileType = sourcecode.swift; path = UserRepository.swift; sourceTree = "<group>"; };
		BB265BA52FDB0B8A008FB219 /* ProfileViewModel.swift */ = {isa = PBXFileReference; lastKnownFileType = sourcecode.swift; path = ProfileViewModel.swift; sourceTree = "<group>"; };
		BB265BA62FDB0B8A008FB219 /* SearchViewModel.swift */ = {isa = PBXFileReference; lastKnownFileType = sourcecode.swift; path = SearchViewModel.swift; sourceTree = "<group>"; };
		BB265BA72FDB0B8A008FB219 /* ProfileViewController.swift */ = {isa = PBXFileReference; lastKnownFileType = sourcecode.swift; path = ProfileViewController.swift; sourceTree = "<group>"; };
		BB265BCC2FDB0B8A008FB219 /* EditChannelNameViewController.swift */ = {isa = PBXFileReference; lastKnownFileType = sourcecode.swift; path = EditChannelNameViewController.swift; sourceTree = "<group>"; };
		BB265BA82FDB0B8A008FB219 /* SearchResultCell.swift */ = {isa = PBXFileReference; lastKnownFileType = sourcecode.swift; path = SearchResultCell.swift; sourceTree = "<group>"; };
		BB265BA92FDB0B8A008FB219 /* SearchViewController.swift */ = {isa = PBXFileReference; lastKnownFileType = sourcecode.swift; path = SearchViewController.swift; sourceTree = "<group>"; };
		C96D822873AEBEAD1323C722 /* Pods_GoogleSignInDemo.framework */ = {isa = PBXFileReference; explicitFileType = wrapper.framework; includeInIndex = 0; path = Pods_GoogleSignInDemo.framework; sourceTree = BUILT_PRODUCTS_DIR; };
		CC265BA02FDB0B8A008FB219 /* GoogleSignInDemo-Bridging-Header.h */ = {isa = PBXFileReference; lastKnownFileType = sourcecode.c.h; path = "GoogleSignInDemo-Bridging-Header.h"; sourceTree = "<group>"; };
		CC265BA12FDB0B8A008FB219 /* RoomMember.swift */ = {isa = PBXFileReference; lastKnownFileType = sourcecode.swift; path = RoomMember.swift; sourceTree = "<group>"; };
		CC265BA22FDB0B8A008FB219 /* VoiceRoomViewModel.swift */ = {isa = PBXFileReference; lastKnownFileType = sourcecode.swift; path = VoiceRoomViewModel.swift; sourceTree = "<group>"; };
		CC265BA32FDB0B8A008FB219 /* MemberCell.swift */ = {isa = PBXFileReference; lastKnownFileType = sourcecode.swift; path = MemberCell.swift; sourceTree = "<group>"; };
		CC265BA42FDB0B8A008FB219 /* VoiceRoomViewController.swift */ = {isa = PBXFileReference; lastKnownFileType = sourcecode.swift; path = VoiceRoomViewController.swift; sourceTree = "<group>"; };
		D68DE4C07EA55F7D3099C6AB /* Pods-GoogleSignInDemo.debug.xcconfig */ = {isa = PBXFileReference; includeInIndex = 1; lastKnownFileType = text.xcconfig; name = "Pods-GoogleSignInDemo.debug.xcconfig"; path = "Target Support Files/Pods-GoogleSignInDemo/Pods-GoogleSignInDemo.debug.xcconfig"; sourceTree = "<group>"; };
/* End PBXFileReference section */

/* Begin PBXFrameworksBuildPhase section */
		AA123456000000000000000C /* Frameworks */ = {
			isa = PBXFrameworksBuildPhase;
			buildActionMask = 2147483647;
			files = (
				0D71BA3DD53AEEB02BC8D8D5 /* Pods_GoogleSignInDemo.framework in Frameworks */,
				6D265B6B2FDB574B008FB219 /* protooclient.xcframework in Frameworks */,
				6D265B6C2FDB575A008FB219 /* WebRTC.xcframework in Frameworks */,
			);
			runOnlyForDeploymentPostprocessing = 0;
		};
/* End PBXFrameworksBuildPhase section */

/* Begin PBXGroup section */
		6D265B1F2FDB0B8A008FB219 /* DTOs */ = {
			isa = PBXGroup;
			children = (
				6D265B1E2FDB0B8A008FB219 /* AuthDTO.swift */,
				AA265BA42FDB0B8A008FB219 /* ChannelDTO.swift */,
				BB265BA32FDB0B8A008FB219 /* UserSearchDTO.swift */,
			);
			path = DTOs;
			sourceTree = "<group>";
		};
		6D265B212FDB0B8A008FB219 /* Mappers */ = {
			isa = PBXGroup;
			children = (
				6D265B202FDB0B8A008FB219 /* AuthMapper.swift */,
				AA265BA52FDB0B8A008FB219 /* ChannelMapper.swift */,
			);
			path = Mappers;
			sourceTree = "<group>";
		};
		6D265B232FDB0B8A008FB219 /* Repositories */ = {
			isa = PBXGroup;
			children = (
				6D265B222FDB0B8A008FB219 /* AuthRepository.swift */,
				AA265BA62FDB0B8A008FB219 /* ChannelRepository.swift */,
				BB265BA42FDB0B8A008FB219 /* UserRepository.swift */,
			);
			path = Repositories;
			sourceTree = "<group>";
		};
		6D265B242FDB0B8A008FB219 /* Data */ = {
			isa = PBXGroup;
			children = (
				6D265B1F2FDB0B8A008FB219 /* DTOs */,
				6D265B212FDB0B8A008FB219 /* Mappers */,
				6D265B232FDB0B8A008FB219 /* Repositories */,
			);
			path = Data;
			sourceTree = "<group>";
		};
		6D265B262FDB0B8A008FB219 /* Entities */ = {
			isa = PBXGroup;
			children = (
				6D265B252FDB0B8A008FB219 /* Session.swift */,
				AA265BA12FDB0B8A008FB219 /* Channel.swift */,
				BB265BA12FDB0B8A008FB219 /* SearchUser.swift */,
				CC265BA12FDB0B8A008FB219 /* RoomMember.swift */,
			);
			path = Entities;
			sourceTree = "<group>";
		};
		6D265B282FDB0B8A008FB219 /* Protocols */ = {
			isa = PBXGroup;
			children = (
				6D265B272FDB0B8A008FB219 /* AuthRepositoryProtocol.swift */,
				AA265BA22FDB0B8A008FB219 /* ChannelRepositoryProtocol.swift */,
				BB265BA22FDB0B8A008FB219 /* UserRepositoryProtocol.swift */,
			);
			path = Protocols;
			sourceTree = "<group>";
		};
		6D265B2A2FDB0B8A008FB219 /* UseCases */ = {
			isa = PBXGroup;
			children = (
				6D265B292FDB0B8A008FB219 /* LoginUseCase.swift */,
				AA265BA32FDB0B8A008FB219 /* FetchFollowedChannelsUseCase.swift */,
			);
			path = UseCases;
			sourceTree = "<group>";
		};
		6D265B2B2FDB0B8A008FB219 /* Domain */ = {
			isa = PBXGroup;
			children = (
				6D265B262FDB0B8A008FB219 /* Entities */,
				6D265B282FDB0B8A008FB219 /* Protocols */,
				6D265B2A2FDB0B8A008FB219 /* UseCases */,
			);
			path = Domain;
			sourceTree = "<group>";
		};
		6D265B2D2FDB0B8A008FB219 /* Extensions */ = {
			isa = PBXGroup;
			children = (
				6D265B2C2FDB0B8A008FB219 /* UIColor+Hex.swift */,
			);
			path = Extensions;
			sourceTree = "<group>";
		};
		6D265B312FDB0B8A008FB219 /* Core */ = {
			isa = PBXGroup;
			children = (
				6D265B2D2FDB0B8A008FB219 /* Extensions */,
				6D265B2E2FDB0B8A008FB219 /* AppCoordinator.swift */,
				6D265B2F2FDB0B8A008FB219 /* AppDI.swift */,
				6D265B302FDB0B8A008FB219 /* AppError.swift */,
				6D265BAA2FDB0B8A008FB219 /* AppConfig.swift */,
			);
			path = Core;
			sourceTree = "<group>";
		};
		6D265B342FDB0B8A008FB219 /* Network */ = {
			isa = PBXGroup;
			children = (
				6D265B322FDB0B8A008FB219 /* APIClient.swift */,
				6D265B332FDB0B8A008FB219 /* Endpoint.swift */,
			);
			path = Network;
			sourceTree = "<group>";
		};
		6D265B352FDB0B8A008FB219 /* Infrastructure */ = {
			isa = PBXGroup;
			children = (
				6D265B642FDB5726008FB219 /* Room */,
				6D265B312FDB0B8A008FB219 /* Core */,
				6D265B342FDB0B8A008FB219 /* Network */,
			);
			path = Infrastructure;
			sourceTree = "<group>";
		};
		6D265B372FDB0B8A008FB219 /* Components */ = {
			isa = PBXGroup;
			children = (
				6D265B362FDB0B8A008FB219 /* PaddedLabel.swift */,
			);
			path = Components;
			sourceTree = "<group>";
		};
		6D265B392FDB0B8A008FB219 /* Login */ = {
			isa = PBXGroup;
			children = (
				6D265B382FDB0B8A008FB219 /* LoginViewController.swift */,
			);
			path = Login;
			sourceTree = "<group>";
		};
		6D265B3A2FDB0B8A008FB219 /* Scenes */ = {
			isa = PBXGroup;
			children = (
				6D265B392FDB0B8A008FB219 /* Login */,
				AA265BAA2FDB0B8A008FB219 /* Home */,
				BB265BAA2FDB0B8A008FB219 /* Profile */,
				BB265BAB2FDB0B8A008FB219 /* Search */,
				CC265BAA2FDB0B8A008FB219 /* VoiceRoom */,
			);
			path = Scenes;
			sourceTree = "<group>";
		};
		6D265B3C2FDB0B8A008FB219 /* ViewModels */ = {
			isa = PBXGroup;
			children = (
				6D265B3B2FDB0B8A008FB219 /* AuthViewModel.swift */,
				AA265BA72FDB0B8A008FB219 /* HomeViewModel.swift */,
				BB265BA52FDB0B8A008FB219 /* ProfileViewModel.swift */,
				BB265BA62FDB0B8A008FB219 /* SearchViewModel.swift */,
				CC265BA22FDB0B8A008FB219 /* VoiceRoomViewModel.swift */,
			);
			path = ViewModels;
			sourceTree = "<group>";
		};
		6D265B3D2FDB0B8A008FB219 /* Presentation */ = {
			isa = PBXGroup;
			children = (
				6D265B372FDB0B8A008FB219 /* Components */,
				6D265B3A2FDB0B8A008FB219 /* Scenes */,
				6D265B3C2FDB0B8A008FB219 /* ViewModels */,
			);
			path = Presentation;
			sourceTree = "<group>";
		};
		6D265B642FDB5726008FB219 /* Room */ = {
			isa = PBXGroup;
			children = (
				6D265B5E2FDB5726008FB219 /* ARDCaptureController.h */,
				6D265B5F2FDB5726008FB219 /* ARDCaptureController.m */,
				6D265B602FDB5726008FB219 /* RoomClient.h */,
				6D265B612FDB5726008FB219 /* RoomClient.m */,
				6D265B622FDB5726008FB219 /* WebRTCVideoView.h */,
				6D265B632FDB5726008FB219 /* WebRTCVideoView.m */,
			);
			path = Room;
			sourceTree = "<group>";
		};
		AA1234560000000000000002 = {
			isa = PBXGroup;
			children = (
				AA1234560000000000000014 /* GoogleSignInDemo */,
				AA1234560000000000000003 /* Products */,
				CC1F73108A35CEC3AB4254BB /* Pods */,
				CD76EDB1121BFEF1FFDE229A /* Frameworks */,
			);
			sourceTree = "<group>";
		};
		AA1234560000000000000003 /* Products */ = {
			isa = PBXGroup;
			children = (
				AA1234560000000000000013 /* GoogleSignInDemo.app */,
			);
			name = Products;
			sourceTree = "<group>";
		};
		AA1234560000000000000014 /* GoogleSignInDemo */ = {
			isa = PBXGroup;
			children = (
				6D265B242FDB0B8A008FB219 /* Data */,
				6D265B2B2FDB0B8A008FB219 /* Domain */,
				6D265B352FDB0B8A008FB219 /* Infrastructure */,
				6D265B3D2FDB0B8A008FB219 /* Presentation */,
				AA123456000000000000000E /* AppDelegate.swift */,
				AA12345600000000000000AE /* SceneDelegate.swift */,
				AA1234560000000000000015 /* Assets.xcassets */,
				AA1234560000000000000012 /* Info.plist */,
				CC265BA02FDB0B8A008FB219 /* GoogleSignInDemo-Bridging-Header.h */,
			);
			path = GoogleSignInDemo;
			sourceTree = "<group>";
		};
		AA265BAA2FDB0B8A008FB219 /* Home */ = {
			isa = PBXGroup;
			children = (
				AA265BA82FDB0B8A008FB219 /* HomeViewController.swift */,
				AA265BA92FDB0B8A008FB219 /* ChannelCell.swift */,
			);
			path = Home;
			sourceTree = "<group>";
		};
		BB265BAA2FDB0B8A008FB219 /* Profile */ = {
			isa = PBXGroup;
			children = (
				BB265BA72FDB0B8A008FB219 /* ProfileViewController.swift */,
				BB265BCC2FDB0B8A008FB219 /* EditChannelNameViewController.swift */,
			);
			path = Profile;
			sourceTree = "<group>";
		};
		BB265BAB2FDB0B8A008FB219 /* Search */ = {
			isa = PBXGroup;
			children = (
				BB265BA82FDB0B8A008FB219 /* SearchResultCell.swift */,
				BB265BA92FDB0B8A008FB219 /* SearchViewController.swift */,
			);
			path = Search;
			sourceTree = "<group>";
		};
		CC1F73108A35CEC3AB4254BB /* Pods */ = {
			isa = PBXGroup;
			children = (
				A4BACAEAEDB0E68B4D908FA5 /* Pods-GoogleSignIn.debug.xcconfig */,
				8AED80EBC7B984D264C86979 /* Pods-GoogleSignIn.release.xcconfig */,
				D68DE4C07EA55F7D3099C6AB /* Pods-GoogleSignInDemo.debug.xcconfig */,
				4B3EF4A431FE29EEC6581EED /* Pods-GoogleSignInDemo.release.xcconfig */,
			);
			path = Pods;
			sourceTree = "<group>";
		};
		CC265BAA2FDB0B8A008FB219 /* VoiceRoom */ = {
			isa = PBXGroup;
			children = (
				CC265BA32FDB0B8A008FB219 /* MemberCell.swift */,
				CC265BA42FDB0B8A008FB219 /* VoiceRoomViewController.swift */,
			);
			path = VoiceRoom;
			sourceTree = "<group>";
		};
		CD76EDB1121BFEF1FFDE229A /* Frameworks */ = {
			isa = PBXGroup;
			children = (
				6D265B682FDB574B008FB219 /* protooclient.xcframework */,
				6D265B692FDB574B008FB219 /* WebRTC.xcframework */,
				C96D822873AEBEAD1323C722 /* Pods_GoogleSignInDemo.framework */,
			);
			name = Frameworks;
			sourceTree = "<group>";
		};
/* End PBXGroup section */

/* Begin PBXNativeTarget section */
		AA1234560000000000000004 /* GoogleSignInDemo */ = {
			isa = PBXNativeTarget;
			buildConfigurationList = AA1234560000000000000006 /* Build configuration list for PBXNativeTarget "GoogleSignInDemo" */;
			buildPhases = (
				827DD20D26C7C4A723C9A41B /* [CP] Check Pods Manifest.lock */,
				AA123456000000000000000B /* Sources */,
				AA123456000000000000000C /* Frameworks */,
				AA123456000000000000000D /* Resources */,
				174E43BBBF2303006D1C39A2 /* [CP] Embed Pods Frameworks */,
				6D265B6E2FDB575A008FB219 /* Embed Frameworks */,
			);
			buildRules = (
			);
			dependencies = (
			);
			name = GoogleSignInDemo;
			productName = GoogleSignInDemo;
			productReference = AA1234560000000000000013 /* GoogleSignInDemo.app */;
			productType = "com.apple.product-type.application";
		};
/* End PBXNativeTarget section */

/* Begin PBXProject section */
		AA1234560000000000000001 /* Project object */ = {
			isa = PBXProject;
			attributes = {
				BuildIndependentTargetsInParallel = 1;
				LastSwiftUpdateCheck = 1600;
				LastUpgradeCheck = 1600;
				TargetAttributes = {
					AA1234560000000000000004 = {
						CreatedOnToolsVersion = 16.0;
					};
				};
			};
			buildConfigurationList = AA1234560000000000000005 /* Build configuration list for PBXProject "GoogleSignInDemo" */;
			compatibilityVersion = "Xcode 14.0";
			developmentRegion = en;
			hasScannedForEncodings = 0;
			knownRegions = (
				en,
				Base,
			);
			mainGroup = AA1234560000000000000002;
			productRefGroup = AA1234560000000000000003 /* Products */;
			projectDirPath = "";
			projectRoot = "";
			targets = (
				AA1234560000000000000004 /* GoogleSignInDemo */,
			);
		};
/* End PBXProject section */

/* Begin PBXResourcesBuildPhase section */
		AA123456000000000000000D /* Resources */ = {
			isa = PBXResourcesBuildPhase;
			buildActionMask = 2147483647;
			files = (
				AA1234560000000000000016 /* Assets.xcassets in Resources */,
			);
			runOnlyForDeploymentPostprocessing = 0;
		};
/* End PBXResourcesBuildPhase section */

/* Begin PBXShellScriptBuildPhase section */
		174E43BBBF2303006D1C39A2 /* [CP] Embed Pods Frameworks */ = {
			isa = PBXShellScriptBuildPhase;
			buildActionMask = 2147483647;
			files = (
			);
			inputFileListPaths = (
				"${PODS_ROOT}/Target Support Files/Pods-GoogleSignInDemo/Pods-GoogleSignInDemo-frameworks-${CONFIGURATION}-input-files.xcfilelist",
			);
			inputPaths = (
			);
			name = "[CP] Embed Pods Frameworks";
			outputFileListPaths = (
				"${PODS_ROOT}/Target Support Files/Pods-GoogleSignInDemo/Pods-GoogleSignInDemo-frameworks-${CONFIGURATION}-output-files.xcfilelist",
			);
			outputPaths = (
			);
			runOnlyForDeploymentPostprocessing = 0;
			shellPath = /bin/sh;
			shellScript = "\"${PODS_ROOT}/Target Support Files/Pods-GoogleSignInDemo/Pods-GoogleSignInDemo-frameworks.sh\"\n";
			showEnvVarsInLog = 0;
		};
		827DD20D26C7C4A723C9A41B /* [CP] Check Pods Manifest.lock */ = {
			isa = PBXShellScriptBuildPhase;
			buildActionMask = 2147483647;
			files = (
			);
			inputFileListPaths = (
			);
			inputPaths = (
				"${PODS_PODFILE_DIR_PATH}/Podfile.lock",
				"${PODS_ROOT}/Manifest.lock",
			);
			name = "[CP] Check Pods Manifest.lock";
			outputFileListPaths = (
			);
			outputPaths = (
				"$(DERIVED_FILE_DIR)/Pods-GoogleSignInDemo-checkManifestLockResult.txt",
			);
			runOnlyForDeploymentPostprocessing = 0;
			shellPath = /bin/sh;
			shellScript = "diff \"${PODS_PODFILE_DIR_PATH}/Podfile.lock\" \"${PODS_ROOT}/Manifest.lock\" > /dev/null\nif [ $? != 0 ] ; then\n    # print error to STDERR\n    echo \"error: The sandbox is not in sync with the Podfile.lock. Run 'pod install' or update your CocoaPods installation.\" >&2\n    exit 1\nfi\n# This output is used by Xcode 'outputs' to avoid re-running this script phase.\necho \"SUCCESS\" > \"${SCRIPT_OUTPUT_FILE_0}\"\n";
			showEnvVarsInLog = 0;
		};
/* End PBXShellScriptBuildPhase section */

/* Begin PBXSourcesBuildPhase section */
		AA123456000000000000000B /* Sources */ = {
			isa = PBXSourcesBuildPhase;
			buildActionMask = 2147483647;
			files = (
				AA123456000000000000000F /* AppDelegate.swift in Sources */,
				AA12345600000000000000AF /* SceneDelegate.swift in Sources */,
				6D265B3E2FDB0B8A008FB219 /* AuthRepository.swift in Sources */,
				6D265B3F2FDB0B8A008FB219 /* Session.swift in Sources */,
				6D265B402FDB0B8A008FB219 /* AppCoordinator.swift in Sources */,
				6D265B412FDB0B8A008FB219 /* AuthMapper.swift in Sources */,
				6D265B422FDB0B8A008FB219 /* LoginViewController.swift in Sources */,
				6D265B432FDB0B8A008FB219 /* PaddedLabel.swift in Sources */,
				6D265B442FDB0B8A008FB219 /* AuthRepositoryProtocol.swift in Sources */,
				6D265B452FDB0B8A008FB219 /* AppError.swift in Sources */,
				6D265B462FDB0B8A008FB219 /* AuthViewModel.swift in Sources */,
				6D265B472FDB0B8A008FB219 /* AuthDTO.swift in Sources */,
				6D265B482FDB0B8A008FB219 /* AppDI.swift in Sources */,
				6D265BAB2FDB0B8A008FB219 /* AppConfig.swift in Sources */,
				6D265B492FDB0B8A008FB219 /* LoginUseCase.swift in Sources */,
				6D265B4A2FDB0B8A008FB219 /* APIClient.swift in Sources */,
				6D265B652FDB5726008FB219 /* WebRTCVideoView.m in Sources */,
				6D265B662FDB5726008FB219 /* ARDCaptureController.m in Sources */,
				6D265B672FDB5726008FB219 /* RoomClient.m in Sources */,
				6D265B4B2FDB0B8A008FB219 /* UIColor+Hex.swift in Sources */,
				6D265B4C2FDB0B8A008FB219 /* Endpoint.swift in Sources */,
				AA265BB12FDB0B8A008FB219 /* Channel.swift in Sources */,
				AA265BB22FDB0B8A008FB219 /* ChannelRepositoryProtocol.swift in Sources */,
				AA265BB32FDB0B8A008FB219 /* FetchFollowedChannelsUseCase.swift in Sources */,
				AA265BB42FDB0B8A008FB219 /* ChannelDTO.swift in Sources */,
				AA265BB52FDB0B8A008FB219 /* ChannelMapper.swift in Sources */,
				AA265BB62FDB0B8A008FB219 /* ChannelRepository.swift in Sources */,
				AA265BB72FDB0B8A008FB219 /* HomeViewModel.swift in Sources */,
				AA265BB82FDB0B8A008FB219 /* HomeViewController.swift in Sources */,
				AA265BB92FDB0B8A008FB219 /* ChannelCell.swift in Sources */,
				BB265BB12FDB0B8A008FB219 /* SearchUser.swift in Sources */,
				BB265BB22FDB0B8A008FB219 /* UserRepositoryProtocol.swift in Sources */,
				BB265BB32FDB0B8A008FB219 /* UserSearchDTO.swift in Sources */,
				BB265BB42FDB0B8A008FB219 /* UserRepository.swift in Sources */,
				BB265BB52FDB0B8A008FB219 /* ProfileViewModel.swift in Sources */,
				BB265BB62FDB0B8A008FB219 /* SearchViewModel.swift in Sources */,
				BB265BB72FDB0B8A008FB219 /* ProfileViewController.swift in Sources */,
				BB265BCD2FDB0B8A008FB219 /* EditChannelNameViewController.swift in Sources */,
				BB265BB82FDB0B8A008FB219 /* SearchResultCell.swift in Sources */,
				BB265BB92FDB0B8A008FB219 /* SearchViewController.swift in Sources */,
				CC265BB12FDB0B8A008FB219 /* RoomMember.swift in Sources */,
				CC265BB22FDB0B8A008FB219 /* VoiceRoomViewModel.swift in Sources */,
				CC265BB32FDB0B8A008FB219 /* MemberCell.swift in Sources */,
				CC265BB42FDB0B8A008FB219 /* VoiceRoomViewController.swift in Sources */,
			);
			runOnlyForDeploymentPostprocessing = 0;
		};
/* End PBXSourcesBuildPhase section */

/* Begin XCBuildConfiguration section */
		AA1234560000000000000007 /* Debug */ = {
			isa = XCBuildConfiguration;
			buildSettings = {
				ALWAYS_SEARCH_USER_PATHS = NO;
				CLANG_ANALYZER_NONNULL = YES;
				CLANG_CXX_LANGUAGE_STANDARD = "gnu++20";
				CLANG_ENABLE_MODULES = YES;
				CLANG_ENABLE_OBJC_ARC = YES;
				CLANG_ENABLE_OBJC_WEAK = YES;
				CLANG_WARN_BLOCK_CAPTURE_AUTORELEASING = YES;
				CLANG_WARN_BOOL_CONVERSION = YES;
				CLANG_WARN_COMMA = YES;
				CLANG_WARN_CONSTANT_CONVERSION = YES;
				CLANG_WARN_DEPRECATED_OBJC_IMPLEMENTATIONS = YES;
				CLANG_WARN_DIRECT_OBJC_ISA_USAGE = YES_ERROR;
				CLANG_WARN_EMPTY_BODY = YES;
				CLANG_WARN_ENUM_CONVERSION = YES;
				CLANG_WARN_INFINITE_RECURSIVE_CALLS = YES;
				CLANG_WARN_INT_CONVERSION = YES;
				CLANG_WARN_NON_LITERAL_NULL_CONVERSION = YES;
				CLANG_WARN_OBJC_IMPLICIT_RETAIN_SELF = YES;
				CLANG_WARN_OBJC_LITERAL_CONVERSION = YES;
				CLANG_WARN_OBJC_ROOT_CLASS = YES_ERROR;
				CLANG_WARN_RANGE_LOOP_ANALYSIS = YES;
				CLANG_WARN_STRICT_PROTOTYPES = YES;
				CLANG_WARN_SUSPICIOUS_MOVE = YES;
				CLANG_WARN_UNGUARDED_AVAILABILITY = YES_AGGRESSIVE;
				CLANG_WARN_UNREACHABLE_CODE = YES;
				CLANG_WARN__DUPLICATE_METHOD_MATCH = YES;
				COPY_PHASE_STRIP = NO;
				DEBUG_INFORMATION_FORMAT = dwarf;
				ENABLE_STRICT_OBJC_MSGSEND = YES;
				ENABLE_TESTABILITY = YES;
				GCC_C_LANGUAGE_STANDARD = gnu17;
				GCC_DYNAMIC_NO_PIC = NO;
				GCC_NO_COMMON_BLOCKS = YES;
				GCC_OPTIMIZATION_LEVEL = 0;
				GCC_PREPROCESSOR_DEFINITIONS = (
					"DEBUG=1",
					"$(inherited)",
				);
				GCC_WARN_64_TO_32_BIT_CONVERSION = YES;
				GCC_WARN_ABOUT_RETURN_TYPE = YES_ERROR;
				GCC_WARN_UNDECLARED_SELECTOR = YES;
				GCC_WARN_UNINITIALIZED_AUTOS = YES_AGGRESSIVE;
				GCC_WARN_UNUSED_FUNCTION = YES;
				GCC_WARN_UNUSED_VARIABLE = YES;
				IPHONEOS_DEPLOYMENT_TARGET = 16.0;
				MTL_ENABLE_DEBUG_INFO = INCLUDE_SOURCE;
				MTL_FAST_MATH = YES;
				ONLY_ACTIVE_ARCH = YES;
				SDKROOT = iphoneos;
				SWIFT_ACTIVE_COMPILATION_CONDITIONS = "DEBUG $(inherited)";
				SWIFT_OPTIMIZATION_LEVEL = "-Onone";
			};
			name = Debug;
		};
		AA1234560000000000000008 /* Release */ = {
			isa = XCBuildConfiguration;
			buildSettings = {
				ALWAYS_SEARCH_USER_PATHS = NO;
				CLANG_ANALYZER_NONNULL = YES;
				CLANG_CXX_LANGUAGE_STANDARD = "gnu++20";
				CLANG_ENABLE_MODULES = YES;
				CLANG_ENABLE_OBJC_ARC = YES;
				CLANG_ENABLE_OBJC_WEAK = YES;
				CLANG_WARN_BLOCK_CAPTURE_AUTORELEASING = YES;
				CLANG_WARN_BOOL_CONVERSION = YES;
				CLANG_WARN_COMMA = YES;
				CLANG_WARN_CONSTANT_CONVERSION = YES;
				CLANG_WARN_DEPRECATED_OBJC_IMPLEMENTATIONS = YES;
				CLANG_WARN_DIRECT_OBJC_ISA_USAGE = YES_ERROR;
				CLANG_WARN_EMPTY_BODY = YES;
				CLANG_WARN_ENUM_CONVERSION = YES;
				CLANG_WARN_INFINITE_RECURSIVE_CALLS = YES;
				CLANG_WARN_INT_CONVERSION = YES;
				CLANG_WARN_NON_LITERAL_NULL_CONVERSION = YES;
				CLANG_WARN_OBJC_IMPLICIT_RETAIN_SELF = YES;
				CLANG_WARN_OBJC_LITERAL_CONVERSION = YES;
				CLANG_WARN_OBJC_ROOT_CLASS = YES_ERROR;
				CLANG_WARN_RANGE_LOOP_ANALYSIS = YES;
				CLANG_WARN_STRICT_PROTOTYPES = YES;
				CLANG_WARN_SUSPICIOUS_MOVE = YES;
				CLANG_WARN_UNGUARDED_AVAILABILITY = YES_AGGRESSIVE;
				CLANG_WARN_UNREACHABLE_CODE = YES;
				CLANG_WARN__DUPLICATE_METHOD_MATCH = YES;
				COPY_PHASE_STRIP = NO;
				DEBUG_INFORMATION_FORMAT = "dwarf-with-dsym";
				ENABLE_NS_ASSERTIONS = NO;
				ENABLE_STRICT_OBJC_MSGSEND = YES;
				GCC_C_LANGUAGE_STANDARD = gnu17;
				GCC_NO_COMMON_BLOCKS = YES;
				GCC_WARN_64_TO_32_BIT_CONVERSION = YES;
				GCC_WARN_ABOUT_RETURN_TYPE = YES_ERROR;
				GCC_WARN_UNDECLARED_SELECTOR = YES;
				GCC_WARN_UNINITIALIZED_AUTOS = YES_AGGRESSIVE;
				GCC_WARN_UNUSED_FUNCTION = YES;
				GCC_WARN_UNUSED_VARIABLE = YES;
				IPHONEOS_DEPLOYMENT_TARGET = 16.0;
				MTL_FAST_MATH = YES;
				SDKROOT = iphoneos;
				SWIFT_COMPILATION_MODE = wholemodule;
				VALIDATE_PRODUCT = YES;
			};
			name = Release;
		};
		AA1234560000000000000009 /* Debug */ = {
			isa = XCBuildConfiguration;
			baseConfigurationReference = D68DE4C07EA55F7D3099C6AB /* Pods-GoogleSignInDemo.debug.xcconfig */;
			buildSettings = {
				ASSETCATALOG_COMPILER_APPICON_NAME = AppIcon;
				ASSETCATALOG_COMPILER_GLOBAL_ACCENT_COLOR_NAME = AccentColor;
				CODE_SIGN_STYLE = Automatic;
				CURRENT_PROJECT_VERSION = 1;
				DEVELOPMENT_TEAM = Z53L5682S3;
				GENERATE_INFOPLIST_FILE = NO;
				INFOPLIST_FILE = GoogleSignInDemo/Info.plist;
				IPHONEOS_DEPLOYMENT_TARGET = 16.0;
				LD_RUNPATH_SEARCH_PATHS = (
					"$(inherited)",
					"@executable_path/Frameworks",
				);
				MARKETING_VERSION = 1.0;
				PRODUCT_BUNDLE_IDENTIFIER = io.gobelieve.googlesignin;
				PRODUCT_NAME = "$(TARGET_NAME)";
				SWIFT_EMIT_LOC_STRINGS = YES;
				SWIFT_OBJC_BRIDGING_HEADER = "GoogleSignInDemo/GoogleSignInDemo-Bridging-Header.h";
				SWIFT_VERSION = 5.0;
				TARGETED_DEVICE_FAMILY = "1,2";
			};
			name = Debug;
		};
		AA123456000000000000000A /* Release */ = {
			isa = XCBuildConfiguration;
			baseConfigurationReference = 4B3EF4A431FE29EEC6581EED /* Pods-GoogleSignInDemo.release.xcconfig */;
			buildSettings = {
				ASSETCATALOG_COMPILER_APPICON_NAME = AppIcon;
				ASSETCATALOG_COMPILER_GLOBAL_ACCENT_COLOR_NAME = AccentColor;
				CODE_SIGN_STYLE = Automatic;
				CURRENT_PROJECT_VERSION = 1;
				DEVELOPMENT_TEAM = Z53L5682S3;
				GENERATE_INFOPLIST_FILE = NO;
				INFOPLIST_FILE = GoogleSignInDemo/Info.plist;
				IPHONEOS_DEPLOYMENT_TARGET = 16.0;
				LD_RUNPATH_SEARCH_PATHS = (
					"$(inherited)",
					"@executable_path/Frameworks",
				);
				MARKETING_VERSION = 1.0;
				PRODUCT_BUNDLE_IDENTIFIER = io.gobelieve.googlesignin;
				PRODUCT_NAME = "$(TARGET_NAME)";
				SWIFT_EMIT_LOC_STRINGS = YES;
				SWIFT_OBJC_BRIDGING_HEADER = "GoogleSignInDemo/GoogleSignInDemo-Bridging-Header.h";
				SWIFT_VERSION = 5.0;
				TARGETED_DEVICE_FAMILY = "1,2";
			};
			name = Release;
		};
/* End XCBuildConfiguration section */

/* Begin XCConfigurationList section */
		AA1234560000000000000005 /* Build configuration list for PBXProject "GoogleSignInDemo" */ = {
			isa = XCConfigurationList;
			buildConfigurations = (
				AA1234560000000000000007 /* Debug */,
				AA1234560000000000000008 /* Release */,
			);
			defaultConfigurationIsVisible = 0;
			defaultConfigurationName = Release;
		};
		AA1234560000000000000006 /* Build configuration list for PBXNativeTarget "GoogleSignInDemo" */ = {
			isa = XCConfigurationList;
			buildConfigurations = (
				AA1234560000000000000009 /* Debug */,
				AA123456000000000000000A /* Release */,
			);
			defaultConfigurationIsVisible = 0;
			defaultConfigurationName = Release;
		};
/* End XCConfigurationList section */
	};
	rootObject = AA1234560000000000000001 /* Project object */;
}
